// !$*UTF8*$!
{
	archiveVersion = 1;
	classes = {
	};
	objectVersion = 46;
	objects = {

/* Begin PBXBuildFile section */
		493420B77D52F7F9966E207E /* SceneDelegate.m in Sources */ = {isa = PBXBuildFile; fileRef = 5FAD68BC62CAA7ED8625C26E /* SceneDelegate.m */; };
		6C10C2F9079BBAB6EA2A757D /* main.m in Sources */ = {isa = PBXBuildFile; fileRef = 588B245CC5542EA3B1B7EC87 /* main.m */; };
		C1B470EECB518598871F9735 /* AppDelegate.m in Sources */ = {isa = PBXBuildFile; fileRef = 57B35B05A3C9B1C8BA324804 /* AppDelegate.m */; };
		CA0B27C348069C222AD2EB62 /* Assets.xcassets in Sources */ = {isa = PBXBuildFile; fileRef = 5CDD40441B4AE06C5A8C8D78 /* Assets.xcassets */; };
		D475964BBC38CA48AA4F354E /* Foundation.framework in Frameworks */ = {isa = PBXBuildFile; fileRef = 5E7117261685AA8DD35B4C89 /* Foundation.framework */; };
		DAA023DC62380A9A8D674A2F /* LaunchScreen.storyboard in Sources */ = {isa = PBXBuildFile; fileRef = 36E136AC5D4A507F40CE0F8C /* LaunchScreen.storyboard */; };
		DF8072165724550220AA9738 /* Main.storyboard in Sources */ = {isa = PBXBuildFile; fileRef = 81EDDF0403E19E1173CFD18A /* Main.storyboard */; };
		E68056C8B16AF025EF1026DD /* ViewController.m in Sources */ = {isa = PBXBuildFile; fileRef = 6EEEE76FE9B1DEBA05AF3263 /* ViewController.m */; };
/* End PBXBuildFile section */

/* Begin PBXFileReference section */
		23D1C2701FB3B2FCFE490E81 /* ViewController.h */ = {isa = PBXFileReference; includeInIndex = 1; lastKnownFileType = sourcecode.c.h; path = ViewController.h; sourceTree = "<group>"; };
		36E136AC5D4A507F40CE0F8C /* LaunchScreen.storyboard */ = {isa = PBXFileReference; includeInIndex = 1; lastKnownFileType = file.storyboard; name = LaunchScreen.storyboard; path = Base.lproj/LaunchScreen.storyboard; sourceTree = "<group>"; };
		49F7DFC8C7762EF161604111 /* CCCanvas.Line.OC.app */ = {isa = PBXFileReference; explicitFileType = wrapper.application; includeInIndex = 0; path = CCCanvas.Line.OC.app; sourceTree = BUILT_PRODUCTS_DIR; };
		4D2FA345854618E7E3B67794 /* Info.plist */ = {isa = PBXFileReference; includeInIndex = 1; lastKnownFileType = text.plist.xml; path = Info.plist; sourceTree = "<group>"; };
		57B35B05A3C9B1C8BA324804 /* AppDelegate.m */ = {isa = PBXFileReference; includeInIndex = 1; lastKnownFileType = sourcecode.c.objc; path = AppDelegate.m; sourceTree = "<group>"; };
		588B245CC5542EA3B1B7EC87 /* main.m */ = {isa = PBXFileReference; includeInIndex = 1; lastKnownFileType = sourcecode.c.objc; path = main.m; sourceTree = "<group>"; };
		5CDD40441B4AE06C5A8C8D78 /* Assets.xcassets */ = {isa = PBXFileReference; includeInIndex = 1; lastKnownFileType = folder.assetcatalog; path = Assets.xcassets; sourceTree = "<group>"; };
		5E7117261685AA8DD35B4C89 /* Foundation.framework */ = {isa = PBXFileReference; lastKnownFileType = wrapper.framework; name = Foundation.framework; path = Platforms/iPhoneOS.platform/Developer/SDKs/iPhoneOS14.0.sdk/System/Library/Frameworks/Foundation.framework; sourceTree = DEVELOPER_DIR; };
		5FAD68BC62CAA7ED8625C26E /* SceneDelegate.m */ = {isa = PBXFileReference; includeInIndex = 1; lastKnownFileType = sourcecode.c.objc; path = SceneDelegate.m; sourceTree = "<group>"; };
		60861130BD87B809E000C984 /* SceneDelegate.h */ = {isa = PBXFileReference; includeInIndex = 1; lastKnownFileType = sourcecode.c.h; path = SceneDelegate.h; sourceTree = "<group>"; };
		6EEEE76FE9B1DEBA05AF3263 /* ViewController.m */ = {isa = PBXFileReference; includeInIndex = 1; lastKnownFileType = sourcecode.c.objc; path = ViewController.m; sourceTree = "<group>"; };
		7801BFD20F8B71EC0BB81C5C /* AppDelegate.h */ = {isa = PBXFileReference; includeInIndex = 1; lastKnownFileType = sourcecode.c.h; path = AppDelegate.h; sourceTree = "<group>"; };
		81EDDF0403E19E1173CFD18A /* Main.storyboard */ = {isa = PBXFileReference; includeInIndex = 1; lastKnownFileType = file.storyboard; name = Main.storyboard; path = Base.lproj/Main.storyboard; sourceTree = "<group>"; };
/* End PBXFileReference section */

/* Begin PBXFrameworksBuildPhase section */
		D2344ECB0F2A695B901706C7 /* Frameworks */ = {
			isa = PBXFrameworksBuildPhase;
			buildActionMask = 2147483647;
			files = (
				D475964BBC38CA48AA4F354E /* Foundation.framework in Frameworks */,
			);
			runOnlyForDeploymentPostprocessing = 0;
		};
/* End PBXFrameworksBuildPhase section */

/* Begin PBXGroup section */
		4CBDFE7A234AB189BF62F915 /* Products */ = {
			isa = PBXGroup;
			children = (
				49F7DFC8C7762EF161604111 /* CCCanvas.Line.OC.app */,
			);
			name = Products;
			sourceTree = "<group>";
		};
		4CDCC3F14868EE2EA002E3F4 /* iOS */ = {
			isa = PBXGroup;
			children = (
				5E7117261685AA8DD35B4C89 /* Foundation.framework */,
			);
			name = iOS;
			sourceTree = "<group>";
		};
		5CB05A050792B4083EED6400 /* CCCanvas.Line.OC */ = {
			isa = PBXGroup;
			children = (
				7801BFD20F8B71EC0BB81C5C /* AppDelegate.h */,
				57B35B05A3C9B1C8BA324804 /* AppDelegate.m */,
				60861130BD87B809E000C984 /* SceneDelegate.h */,
				5FAD68BC62CAA7ED8625C26E /* SceneDelegate.m */,
				23D1C2701FB3B2FCFE490E81 /* ViewController.h */,
				6EEEE76FE9B1DEBA05AF3263 /* ViewController.m */,
				81EDDF0403E19E1173CFD18A /* Main.storyboard */,
				5CDD40441B4AE06C5A8C8D78 /* Assets.xcassets */,
				36E136AC5D4A507F40CE0F8C /* LaunchScreen.storyboard */,
				4D2FA345854618E7E3B67794 /* Info.plist */,
				588B245CC5542EA3B1B7EC87 /* main.m */,
			);
			name = CCCanvas.Line.OC;
			path = CCCanvas.Line.OC;
			sourceTree = "<group>";
		};
		66FCD3D2A5FE5B6AE4EF9F2A /* Frameworks */ = {
			isa = PBXGroup;
			children = (
				4CDCC3F14868EE2EA002E3F4 /* iOS */,
			);
			name = Frameworks;
			sourceTree = "<group>";
		};
		DF6F5FCA15D3CA23EE9A4EC4 = {
			isa = PBXGroup;
			children = (
				4CBDFE7A234AB189BF62F915 /* Products */,
				66FCD3D2A5FE5B6AE4EF9F2A /* Frameworks */,
				5CB05A050792B4083EED6400 /* CCCanvas.Line.OC */,
			);
			sourceTree = "<group>";
		};
/* End PBXGroup section */

/* Begin PBXNativeTarget section */
		5D093D831FF5B1C3E049FE5E /* CCCanvas.Line.OC */ = {
			isa = PBXNativeTarget;
			buildConfigurationList = 0EC1C8FA667A8C622E6C1649 /* Build configuration list for PBXNativeTarget "CCCanvas.Line.OC" */;
			buildPhases = (
				D21EE9E720E1C1B3168E08E0 /* Sources */,
				D2344ECB0F2A695B901706C7 /* Frameworks */,
				6AF16D0F33B295E593B787B4 /* Resources */,
			);
			buildRules = (
			);
			dependencies = (
			);
			name = CCCanvas.Line.OC;
			productName = CCCanvas.Line.OC;
			productReference = 49F7DFC8C7762EF161604111 /* CCCanvas.Line.OC.app */;
			productType = "com.apple.product-type.application";
		};
/* End PBXNativeTarget section */

/* Begin PBXProject section */
		DAC2BE67851EE6670CFFE3E5 /* Project object */ = {
			isa = PBXProject;
			attributes = {
				CLASSPREFIX = CC;
				LastSwiftUpdateCheck = 1240;
				LastUpgradeCheck = 1240;
				ORGANIZATIONNAME = "CC (deng you hua | cworld1000@gmail.com)";
			};
			buildConfigurationList = F9392D708670F1DB46E252FF /* Build configuration list for PBXProject "CCCanvas.Line.OC" */;
			compatibilityVersion = "Xcode 3.2";
			developmentRegion = en;
			hasScannedForEncodings = 0;
			knownRegions = (
				en,
				Base,
			);
			mainGroup = DF6F5FCA15D3CA23EE9A4EC4;
			productRefGroup = 4CBDFE7A234AB189BF62F915 /* Products */;
			projectDirPath = "";
			projectRoot = "";
			targets = (
				5D093D831FF5B1C3E049FE5E /* CCCanvas.Line.OC */,
			);
		};
/* End PBXProject section */

/* Begin PBXResourcesBuildPhase section */
		6AF16D0F33B295E593B787B4 /* Resources */ = {
			isa = PBXResourcesBuildPhase;
			buildActionMask = 2147483647;
			files = (
			);
			runOnlyForDeploymentPostprocessing = 0;
		};
/* End PBXResourcesBuildPhase section */

/* Begin PBXSourcesBuildPhase section */
		D21EE9E720E1C1B3168E08E0 /* Sources */ = {
			isa = PBXSourcesBuildPhase;
			buildActionMask = 2147483647;
			files = (
				C1B470EECB518598871F9735 /* AppDelegate.m in Sources */,
				493420B77D52F7F9966E207E /* SceneDelegate.m in Sources */,
				E68056C8B16AF025EF1026DD /* ViewController.m in Sources */,
				DF8072165724550220AA9738 /* Main.storyboard in Sources */,
				CA0B27C348069C222AD2EB62 /* Assets.xcassets in Sources */,
				DAA023DC62380A9A8D674A2F /* LaunchScreen.storyboard in Sources */,
				6C10C2F9079BBAB6EA2A757D /* main.m in Sources */,
			);
			runOnlyForDeploymentPostprocessing = 0;
		};
/* End PBXSourcesBuildPhase section */

/* Begin XCBuildConfiguration section */
		58845EB67A83263F938488AC /* Debug */ = {
			isa = XCBuildConfiguration;
			buildSettings = {
				ASSETCATALOG_COMPILER_APPICON_NAME = AppIcon;
				ASSETCATALOG_COMPILER_GLOBAL_ACCENT_COLOR_NAME = AccentColor;
				CLANG_ENABLE_OBJC_WEAK = NO;
				CURRENT_PROJECT_VERSION = 1;
				GENERATE_INFOPLIST_FILE = YES;
				INFOPLIST_FILE = CCCanvas.Line.OC/Info.plist;
				INFOPLIST_KEY_UILaunchStoryboardName = LaunchScreen;
				INFOPLIST_KEY_UIMainStoryboardFile = Main;
				INFOPLIST_KEY_UISupportedInterfaceOrientations_iPad = "UIInterfaceOrientationPortrait UIInterfaceOrientationPortraitUpsideDown UIInterfaceOrientationLandscapeLeft UIInterfaceOrientationLandscapeRight";
				INFOPLIST_KEY_UISupportedInterfaceOrientations_iPhone = "UIInterfaceOrientationPortrait UIInterfaceOrientationLandscapeLeft UIInterfaceOrientationLandscapeRight";
				IPHONEOS_DEPLOYMENT_TARGET = 10.0;
				LD_RUNPATH_SEARCH_PATHS = "$(inherited) @executable_path/Frameworks";
				MARKETING_VERSION = 1.0;
				PRODUCT_BUNDLE_IDENTIFIER = "com.cc.CCCanvas-Line.OC";
				SDKROOT = iphoneos;
				TARGETED_DEVICE_FAMILY = "1,2";
			};
			name = Debug;
		};
		689D6437B304FF450270EC4D /* Debug */ = {
			isa = XCBuildConfiguration;
			buildSettings = {
				ALWAYS_SEARCH_USER_PATHS = NO;
				CLANG_ANALYZER_NONNULL = YES;
				CLANG_ANALYZER_NUMBER_OBJECT_CONVERSION = YES_AGGRESSIVE;
				CLANG_CXX_LANGUAGE_STANDARD = "gnu++14";
				CLANG_CXX_LIBRARY = "libc++";
				CLANG_ENABLE_MODULES = YES;
				CLANG_ENABLE_OBJC_ARC = YES;
				CLANG_ENABLE_OBJC_WEAK = YES;
				CLANG_WARN_BLOCK_CAPTURE_AUTORELEASING = YES;
				CLANG_WARN_BOOL_CONVERSION = YES;
				CLANG_WARN_COMMA = YES;
				CLANG_WARN_CONSTANT_CONVERSION = YES;
				CLANG_WARN_DEPRECATED_OBJC_IMPLEMENTATIONS = YES;
				CLANG_WARN_DIRECT_OBJC_ISA_USAGE = YES_ERROR;
				CLANG_WARN_DOCUMENTATION_COMMENTS = YES;
				CLANG_WARN_EMPTY_BODY = YES;
				CLANG_WARN_ENUM_CONVERSION = YES;
				CLANG_WARN_INFINITE_RECURSION = YES;
				CLANG_WARN_INT_CONVERSION = YES;
				CLANG_WARN_NON_LITERAL_NULL_CONVERSION = YES;
				CLANG_WARN_OBJC_IMPLICIT_RETAIN_SELF = YES;
				CLANG_WARN_OBJC_LITERAL_CONVERSION = YES;
				CLANG_WARN_OBJC_ROOT_CLASS = YES_ERROR;
				CLANG_WARN_QUOTED_INCLUDE_IN_FRAMEWORK_HEADER = YES;
				CLANG_WARN_RANGE_LOOP_ANALYSIS = YES;
				CLANG_WARN_STRICT_PROTOTYPES = YES;
				CLANG_WARN_SUSPICIOUS_MOVE = YES;
				CLANG_WARN_UNGUARDED_AVAILABILITY = YES_AGGRESSIVE;
				CLANG_WARN_UNREACHABLE_CODE = YES;
				CLANG_WARN__DUPLICATE_METHOD_MATCH = YES;
				COPY_PHASE_STRIP = NO;
				DEBUG_INFORMATION_FORMAT = dwarf;
				ENABLE_STRICT_OBJC_MSGSEND = YES;
				ENABLE_TESTABILITY = YES;
				GCC_C_LANGUAGE_STANDARD = gnu11;
				GCC_DYNAMIC_NO_PIC = NO;
				GCC_NO_COMMON_BLOCKS = YES;
				GCC_OPTIMIZATION_LEVEL = 0;
				GCC_PREPROCESSOR_DEFINITIONS = (
					"DEBUG=1",
					"$(inherited)",
				);
				GCC_WARN_64_TO_32_BIT_CONVERSION = YES;
				GCC_WARN_ABOUT_RETURN_TYPE = YES_ERROR;
				GCC_WARN_UNDECLARED_SELECTOR = YES;
				GCC_WARN_UNINITIALIZED_AUTOS = YES_AGGRESSIVE;
				GCC_WARN_UNUSED_FUNCTION = YES;
				GCC_WARN_UNUSED_VARIABLE = YES;
				MTL_ENABLE_DEBUG_INFO = INCLUDE_SOURCE;
				MTL_FAST_MATH = YES;
				ONLY_ACTIVE_ARCH = YES;
				PRODUCT_NAME = "$(TARGET_NAME)";
				SWIFT_ACTIVE_COMPILATION_CONDITIONS = DEBUG;
				SWIFT_OPTIMIZATION_LEVEL = "-Onone";
				SWIFT_VERSION = 5.0;
			};
			name = Debug;
		};
		960784DB8D7D20DB6711E9DD /* Release */ = {
			isa = XCBuildConfiguration;
			buildSettings = {
				ALWAYS_SEARCH_USER_PATHS = NO;
				CLANG_ANALYZER_NONNULL = YES;
				CLANG_ANALYZER_NUMBER_OBJECT_CONVERSION = YES_AGGRESSIVE;
				CLANG_CXX_LANGUAGE_STANDARD = "gnu++14";
				CLANG_CXX_LIBRARY = "libc++";
				CLANG_ENABLE_MODULES = YES;
				CLANG_ENABLE_OBJC_ARC = YES;
				CLANG_ENABLE_OBJC_WEAK = YES;
				CLANG_WARN_BLOCK_CAPTURE_AUTORELEASING = YES;
				CLANG_WARN_BOOL_CONVERSION = YES;
				CLANG_WARN_COMMA = YES;
				CLANG_WARN_CONSTANT_CONVERSION = YES;
				CLANG_WARN_DEPRECATED_OBJC_IMPLEMENTATIONS = YES;
				CLANG_WARN_DIRECT_OBJC_ISA_USAGE = YES_ERROR;
				CLANG_WARN_DOCUMENTATION_COMMENTS = YES;
				CLANG_WARN_EMPTY_BODY = YES;
				CLANG_WARN_ENUM_CONVERSION = YES;
				CLANG_WARN_INFINITE_RECURSION = YES;
				CLANG_WARN_INT_CONVERSION = YES;
				CLANG_WARN_NON_LITERAL_NULL_CONVERSION = YES;
				CLANG_WARN_OBJC_IMPLICIT_RETAIN_SELF = YES;
				CLANG_WARN_OBJC_LITERAL_CONVERSION = YES;
				CLANG_WARN_OBJC_ROOT_CLASS = YES_ERROR;
				CLANG_WARN_QUOTED_INCLUDE_IN_FRAMEWORK_HEADER = YES;
				CLANG_WARN_RANGE_LOOP_ANALYSIS = YES;
				CLANG_WARN_STRICT_PROTOTYPES = YES;
				CLANG_WARN_SUSPICIOUS_MOVE = YES;
				CLANG_WARN_UNGUARDED_AVAILABILITY = YES_AGGRESSIVE;
				CLANG_WARN_UNREACHABLE_CODE = YES;
				CLANG_WARN__DUPLICATE_METHOD_MATCH = YES;
				COPY_PHASE_STRIP = NO;
				DEBUG_INFORMATION_FORMAT = "dwarf-with-dsym";
				ENABLE_NS_ASSERTIONS = NO;
				ENABLE_STRICT_OBJC_MSGSEND = YES;
				GCC_C_LANGUAGE_STANDARD = gnu11;
				GCC_NO_COMMON_BLOCKS = YES;
				GCC_WARN_64_TO_32_BIT_CONVERSION = YES;
				GCC_WARN_ABOUT_RETURN_TYPE = YES_ERROR;
				GCC_WARN_UNDECLARED_SELECTOR = YES;
				GCC_WARN_UNINITIALIZED_AUTOS = YES_AGGRESSIVE;
				GCC_WARN_UNUSED_FUNCTION = YES;
				GCC_WARN_UNUSED_VARIABLE = YES;
				MTL_ENABLE_DEBUG_INFO = NO;
				MTL_FAST_MATH = YES;
				PRODUCT_NAME = "$(TARGET_NAME)";
				SWIFT_COMPILATION_MODE = wholemodule;
				SWIFT_OPTIMIZATION_LEVEL = "-O";
				SWIFT_VERSION = 5.0;
			};
			name = Release;
		};
		F75C7D069F71E6AF1C3393BD /* Release */ = {
			isa = XCBuildConfiguration;
			buildSettings = {
				ASSETCATALOG_COMPILER_APPICON_NAME = AppIcon;
				ASSETCATALOG_COMPILER_GLOBAL_ACCENT_COLOR_NAME = AccentColor;
				CLANG_ENABLE_OBJC_WEAK = NO;
				CURRENT_PROJECT_VERSION = 1;
				GENERATE_INFOPLIST_FILE = YES;
				INFOPLIST_FILE = CCCanvas.Line.OC/Info.plist;
				INFOPLIST_KEY_UILaunchStoryboardName = LaunchScreen;
				INFOPLIST_KEY_UIMainStoryboardFile = Main;
				INFOPLIST_KEY_UISupportedInterfaceOrientations_iPad = "UIInterfaceOrientationPortrait UIInterfaceOrientationPortraitUpsideDown UIInterfaceOrientationLandscapeLeft UIInterfaceOrientationLandscapeRight";
				INFOPLIST_KEY_UISupportedInterfaceOrientations_iPhone = "UIInterfaceOrientationPortrait UIInterfaceOrientationLandscapeLeft UIInterfaceOrientationLandscapeRight";
				IPHONEOS_DEPLOYMENT_TARGET = 10.0;
				LD_RUNPATH_SEARCH_PATHS = "$(inherited) @executable_path/Frameworks";
				MARKETING_VERSION = 1.0;
				PRODUCT_BUNDLE_IDENTIFIER = "com.cc.CCCanvas-Line.OC";
				SDKROOT = iphoneos;
				TARGETED_DEVICE_FAMILY = "1,2";
				VALIDATE_PRODUCT = YES;
			};
			name = Release;
		};
/* End XCBuildConfiguration section */

/* Begin XCConfigurationList section */
		0EC1C8FA667A8C622E6C1649 /* Build configuration list for PBXNativeTarget "CCCanvas.Line.OC" */ = {
			isa = XCConfigurationList;
			buildConfigurations = (
				F75C7D069F71E6AF1C3393BD /* Release */,
				58845EB67A83263F938488AC /* Debug */,
			);
			defaultConfigurationIsVisible = 0;
			defaultConfigurationName = Release;
		};
		F9392D708670F1DB46E252FF /* Build configuration list for PBXProject "CCCanvas.Line.OC" */ = {
			isa = XCConfigurationList;
			buildConfigurations = (
				689D6437B304FF450270EC4D /* Debug */,
				960784DB8D7D20DB6711E9DD /* Release */,
			);
			defaultConfigurationIsVisible = 0;
			defaultConfigurationName = Release;
		};
/* End XCConfigurationList section */
	};
	rootObject = DAC2BE67851EE6670CFFE3E5 /* Project object */;
}
